schema: '2.0'
stages:
  load_data:
    cmd: python src/load_data.py --config=params.yaml
    deps:
    - path: data_given/winequality.csv
      md5: ccc8d3507eb151f53f760d36abdef888
      size: 91998
    - path: src/get_data.py
      md5: e3614654f8f421b6a5883d58572270a1
      size: 640
    - path: src/load_data.py
      md5: 129754ed0f2b3f73d775c2093f0cbeff
      size: 648
    outs:
    - path: data/raw/winequality.csv
      md5: 2e469e1369e384ba3acf1750ac98c723
      size: 92143
  split_data:
    cmd: python src/split_data.py --config=params.yaml
    deps:
    - path: data/raw/winequality.csv
      md5: 2e469e1369e384ba3acf1750ac98c723
      size: 92143
    - path: src/split_data.py
      md5: 3fff2a1ea408e657e70598871610a140
      size: 1131
    outs:
    - path: data/processed/test_winequality.csv
      md5: 4fe10db0d16dee7d11c95a8263b50369
      size: 18655
    - path: data/processed/train_winequality.csv
      md5: 575aaef9e2912b2d9e47adf1b0cec7e3
      size: 73778
